
Microsoft Visual Studio Solution File, Format Version 12.00
# Visual Studio Version 17
VisualStudioVersion = 17.14.36212.18 d17.14
MinimumVisualStudioVersion = 10.0.40219.1
Project("{FAE04EC0-301F-11D3-BF4B-00C04F79EFBC}") = "SingletonPatternExample", "SingletonPatternExample\SingletonPatternExample.csproj", "{FAE134C9-7C20-4E4C-8D47-85632C90C772}"
EndProject
Global
	GlobalSection(SolutionConfigurationPlatforms) = preSolution
		Debug|Any CPU = Debug|Any CPU
		Release|Any CPU = Release|Any CPU
	EndGlobalSection
	GlobalSection(ProjectConfigurationPlatforms) = postSolution
		{FAE134C9-7C20-4E4C-8D47-85632C90C772}.Debug|Any CPU.ActiveCfg = Debug|Any CPU
		{FAE134C9-7C20-4E4C-8D47-85632C90C772}.Debug|Any CPU.Build.0 = Debug|Any CPU
		{FAE134C9-7C20-4E4C-8D47-85632C90C772}.Release|Any CPU.ActiveCfg = Release|Any CPU
		{FAE134C9-7C20-4E4C-8D47-85632C90C772}.Release|Any CPU.Build.0 = Release|Any CPU
	EndGlobalSection
	GlobalSection(SolutionProperties) = preSolution
		HideSolutionNode = FALSE
	EndGlobalSection
	GlobalSection(ExtensibilityGlobals) = postSolution
		SolutionGuid = {81266C4A-E920-426B-A9A7-D547664DDB88}
	EndGlobalSection
EndGlobal
