
Microsoft Visual Studio Solution File, Format Version 12.00
# Visual Studio Version 17
VisualStudioVersion = 17.14.36221.1 d17.14
MinimumVisualStudioVersion = 10.0.40219.1
Project("{FAE04EC0-301F-11D3-BF4B-00C04F79EFBC}") = "CustomerCommLib", "CustomerCommLib\CustomerCommLib.csproj", "{0D1F9461-D9A8-468A-B33F-F5AC10156D9E}"
EndProject
Project("{FAE04EC0-301F-11D3-BF4B-00C04F79EFBC}") = "CustomerComm.Tests", "CustomerComm.Tests\CustomerComm.Tests.csproj", "{FDABE04C-A49D-4ED8-BFE2-0FAC224AB7A0}"
EndProject
Global
	GlobalSection(SolutionConfigurationPlatforms) = preSolution
		Debug|Any CPU = Debug|Any CPU
		Release|Any CPU = Release|Any CPU
	EndGlobalSection
	GlobalSection(ProjectConfigurationPlatforms) = postSolution
		{0D1F9461-D9A8-468A-B33F-F5AC10156D9E}.Debug|Any CPU.ActiveCfg = Debug|Any CPU
		{0D1F9461-D9A8-468A-B33F-F5AC10156D9E}.Debug|Any CPU.Build.0 = Debug|Any CPU
		{0D1F9461-D9A8-468A-B33F-F5AC10156D9E}.Release|Any CPU.ActiveCfg = Release|Any CPU
		{0D1F9461-D9A8-468A-B33F-F5AC10156D9E}.Release|Any CPU.Build.0 = Release|Any CPU
		{FDABE04C-A49D-4ED8-BFE2-0FAC224AB7A0}.Debug|Any CPU.ActiveCfg = Debug|Any CPU
		{FDABE04C-A49D-4ED8-BFE2-0FAC224AB7A0}.Debug|Any CPU.Build.0 = Debug|Any CPU
		{FDABE04C-A49D-4ED8-BFE2-0FAC224AB7A0}.Release|Any CPU.ActiveCfg = Release|Any CPU
		{FDABE04C-A49D-4ED8-BFE2-0FAC224AB7A0}.Release|Any CPU.Build.0 = Release|Any CPU
	EndGlobalSection
	GlobalSection(SolutionProperties) = preSolution
		HideSolutionNode = FALSE
	EndGlobalSection
	GlobalSection(ExtensibilityGlobals) = postSolution
		SolutionGuid = {0EB7B08C-B1AC-4C8F-9092-C1987A7FE1DF}
	EndGlobalSection
EndGlobal
